
Microsoft Visual Studio Solution File, Format Version 12.00
# Visual Studio Version 16
VisualStudioVersion = 16.0.30907.101
MinimumVisualStudioVersion = 10.0.40219.1
Project("{9A19103F-16F7-4668-BE54-9A1E7A4F7556}") = "LAB2_ED2_DiegoRamirez_DanielElias", "LAB2_ED2_DiegoRamirez_DanielElias\LAB2_ED2_DiegoRamirez_DanielElias.csproj", "{7AFCE070-A475-47A3-B0E7-F21A467818B1}"
EndProject
Project("{9A19103F-16F7-4668-BE54-9A1E7A4F7556}") = "LibreriaRD3", "LibreriaRD3\LibreriaRD3.csproj", "{CDE7EB26-A2DD-414E-B8F2-DFB45E49ACE6}"
EndProject
Project("{9A19103F-16F7-4668-BE54-9A1E7A4F7556}") = "ConsolaLab2", "ConsolaLab2\ConsolaLab2.csproj", "{F0057880-0304-4B20-A914-AFD69B6F0F3E}"
EndProject
Project("{FAE04EC0-301F-11D3-BF4B-00C04F79EFBC}") = "ConsolaCifrados", "ConsolaCifrados\ConsolaCifrados.csproj", "{6EA6B02B-08B8-4B79-9960-85A577E4584C}"
EndProject
Global
	GlobalSection(SolutionConfigurationPlatforms) = preSolution
		Debug|Any CPU = Debug|Any CPU
		Release|Any CPU = Release|Any CPU
	EndGlobalSection
	GlobalSection(ProjectConfigurationPlatforms) = postSolution
		{7AFCE070-A475-47A3-B0E7-F21A467818B1}.Debug|Any CPU.ActiveCfg = Debug|Any CPU
		{7AFCE070-A475-47A3-B0E7-F21A467818B1}.Debug|Any CPU.Build.0 = Debug|Any CPU
		{7AFCE070-A475-47A3-B0E7-F21A467818B1}.Release|Any CPU.ActiveCfg = Release|Any CPU
		{7AFCE070-A475-47A3-B0E7-F21A467818B1}.Release|Any CPU.Build.0 = Release|Any CPU
		{CDE7EB26-A2DD-414E-B8F2-DFB45E49ACE6}.Debug|Any CPU.ActiveCfg = Debug|Any CPU
		{CDE7EB26-A2DD-414E-B8F2-DFB45E49ACE6}.Debug|Any CPU.Build.0 = Debug|Any CPU
		{CDE7EB26-A2DD-414E-B8F2-DFB45E49ACE6}.Release|Any CPU.ActiveCfg = Release|Any CPU
		{CDE7EB26-A2DD-414E-B8F2-DFB45E49ACE6}.Release|Any CPU.Build.0 = Release|Any CPU
		{F0057880-0304-4B20-A914-AFD69B6F0F3E}.Debug|Any CPU.ActiveCfg = Debug|Any CPU
		{F0057880-0304-4B20-A914-AFD69B6F0F3E}.Debug|Any CPU.Build.0 = Debug|Any CPU
		{F0057880-0304-4B20-A914-AFD69B6F0F3E}.Release|Any CPU.ActiveCfg = Release|Any CPU
		{F0057880-0304-4B20-A914-AFD69B6F0F3E}.Release|Any CPU.Build.0 = Release|Any CPU
		{6EA6B02B-08B8-4B79-9960-85A577E4584C}.Debug|Any CPU.ActiveCfg = Debug|Any CPU
		{6EA6B02B-08B8-4B79-9960-85A577E4584C}.Debug|Any CPU.Build.0 = Debug|Any CPU
		{6EA6B02B-08B8-4B79-9960-85A577E4584C}.Release|Any CPU.ActiveCfg = Release|Any CPU
		{6EA6B02B-08B8-4B79-9960-85A577E4584C}.Release|Any CPU.Build.0 = Release|Any CPU
	EndGlobalSection
	GlobalSection(SolutionProperties) = preSolution
		HideSolutionNode = FALSE
	EndGlobalSection
	GlobalSection(ExtensibilityGlobals) = postSolution
		SolutionGuid = {869C703F-27C9-4F3B-98C1-9E1CA7393D6D}
	EndGlobalSection
EndGlobal
